# generated by rye
# use `rye lock` or `rye sync` to update this lockfile
#
# last locked with the following flags:
#   pre: false
#   features: []
#   all-features: false
#   with-sources: false
#   generate-hashes: false
#   universal: false

-e file:.
argcomplete==3.6.2
    # via commitizen
charset-normalizer==3.4.2
    # via commitizen
colorama==0.4.6
    # via commitizen
commitizen==4.8.3
decli==0.6.3
    # via commitizen
importlib-metadata==8.7.0
    # via commitizen
iniconfig==2.1.0
    # via pytest
jinja2==3.1.6
    # via commitizen
markupsafe==3.0.2
    # via jinja2
packaging==25.0
    # via commitizen
    # via pytest
pluggy==1.6.0
    # via pytest
prompt-toolkit==3.0.51
    # via questionary
pygments==2.19.1
    # via pytest
pytest==8.4.0
pyxel==2.3.18
    # via pyxel-games
pyyaml==6.0.2
    # via commitizen
questionary==2.1.0
    # via commitizen
termcolor==3.1.0
    # via commitizen
tomlkit==0.13.3
    # via commitizen
wcwidth==0.2.13
    # via prompt-toolkit
zipp==3.23.0
    # via importlib-metadata
